
Microsoft Visual Studio Solution File, Format Version 12.00
# Visual Studio Version 17
VisualStudioVersion = 17.5.33516.290
MinimumVisualStudioVersion = 10.0.40219.1
Project("{FAE04EC0-301F-11D3-BF4B-00C04F79EFBC}") = "SPM_Assignment", "SPM_Assignment\SPM_Assignment.csproj", "{22EF1B11-3243-465D-8FE5-64CE263088F4}"
EndProject
Global
	GlobalSection(SolutionConfigurationPlatforms) = preSolution
		Debug|Any CPU = Debug|Any CPU
		Release|Any CPU = Release|Any CPU
	EndGlobalSection
	GlobalSection(ProjectConfigurationPlatforms) = postSolution
		{22EF1B11-3243-465D-8FE5-64CE263088F4}.Debug|Any CPU.ActiveCfg = Debug|Any CPU
		{22EF1B11-3243-465D-8FE5-64CE263088F4}.Debug|Any CPU.Build.0 = Debug|Any CPU
		{22EF1B11-3243-465D-8FE5-64CE263088F4}.Release|Any CPU.ActiveCfg = Release|Any CPU
		{22EF1B11-3243-465D-8FE5-64CE263088F4}.Release|Any CPU.Build.0 = Release|Any CPU
	EndGlobalSection
	GlobalSection(SolutionProperties) = preSolution
		HideSolutionNode = FALSE
	EndGlobalSection
	GlobalSection(ExtensibilityGlobals) = postSolution
		SolutionGuid = {495BC688-A865-46DE-8646-0991F82BF1B2}
	EndGlobalSection
EndGlobal
